
Microsoft Visual Studio Solution File, Format Version 12.00
# Visual Studio Version 17
VisualStudioVersion = 17.11.35327.3
MinimumVisualStudioVersion = 10.0.40219.1
Project("{FAE04EC0-301F-11D3-BF4B-00C04F79EFBC}") = "Conversii", "Conversii\Conversii.csproj", "{01700BC8-D5BD-4549-BF39-782C3B93D0A9}"
EndProject
Global
	GlobalSection(SolutionConfigurationPlatforms) = preSolution
		Debug|Any CPU = Debug|Any CPU
		Release|Any CPU = Release|Any CPU
	EndGlobalSection
	GlobalSection(ProjectConfigurationPlatforms) = postSolution
		{01700BC8-D5BD-4549-BF39-782C3B93D0A9}.Debug|Any CPU.ActiveCfg = Debug|Any CPU
		{01700BC8-D5BD-4549-BF39-782C3B93D0A9}.Debug|Any CPU.Build.0 = Debug|Any CPU
		{01700BC8-D5BD-4549-BF39-782C3B93D0A9}.Release|Any CPU.ActiveCfg = Release|Any CPU
		{01700BC8-D5BD-4549-BF39-782C3B93D0A9}.Release|Any CPU.Build.0 = Release|Any CPU
	EndGlobalSection
	GlobalSection(SolutionProperties) = preSolution
		HideSolutionNode = FALSE
	EndGlobalSection
	GlobalSection(ExtensibilityGlobals) = postSolution
		SolutionGuid = {05E66D83-603A-4B97-8FF8-EB7A295E36C4}
	EndGlobalSection
EndGlobal
